
Microsoft Visual Studio Solution File, Format Version 12.00
# Visual Studio Version 17
VisualStudioVersion = 17.0.31919.166
MinimumVisualStudioVersion = 10.0.40219.1
Project("{9A19103F-16F7-4668-BE54-9A1E7A4F7556}") = "Client.UI", "Client.UI.csproj", "{C2B77FE7-76FC-4CFB-A2BB-77D59A911D5D}"
EndProject
Global
	GlobalSection(SolutionConfigurationPlatforms) = preSolution
		Debug|Any CPU = Debug|Any CPU
		Release|Any CPU = Release|Any CPU
	EndGlobalSection
	GlobalSection(ProjectConfigurationPlatforms) = postSolution
		{C2B77FE7-76FC-4CFB-A2BB-77D59A911D5D}.Debug|Any CPU.ActiveCfg = Debug|Any CPU
		{C2B77FE7-76FC-4CFB-A2BB-77D59A911D5D}.Debug|Any CPU.Build.0 = Debug|Any CPU
		{C2B77FE7-76FC-4CFB-A2BB-77D59A911D5D}.Release|Any CPU.ActiveCfg = Release|Any CPU
		{C2B77FE7-76FC-4CFB-A2BB-77D59A911D5D}.Release|Any CPU.Build.0 = Release|Any CPU
	EndGlobalSection
	GlobalSection(SolutionProperties) = preSolution
		HideSolutionNode = FALSE
	EndGlobalSection
	GlobalSection(ExtensibilityGlobals) = postSolution
		SolutionGuid = {01F1FF8D-661D-4A66-9F0C-014CB352CDAA}
	EndGlobalSection
EndGlobal
