
Microsoft Visual Studio Solution File, Format Version 12.00
# Visual Studio Version 17
VisualStudioVersion = 17.0.31919.166
MinimumVisualStudioVersion = 10.0.40219.1
Project("{9A19103F-16F7-4668-BE54-9A1E7A4F7556}") = "Server.Api", "Server.Api.csproj", "{87693832-878F-40CB-B3DA-EB4BCEF8D5CD}"
EndProject
Global
	GlobalSection(SolutionConfigurationPlatforms) = preSolution
		Debug|Any CPU = Debug|Any CPU
		Release|Any CPU = Release|Any CPU
	EndGlobalSection
	GlobalSection(ProjectConfigurationPlatforms) = postSolution
		{87693832-878F-40CB-B3DA-EB4BCEF8D5CD}.Debug|Any CPU.ActiveCfg = Debug|Any CPU
		{87693832-878F-40CB-B3DA-EB4BCEF8D5CD}.Debug|Any CPU.Build.0 = Debug|Any CPU
		{87693832-878F-40CB-B3DA-EB4BCEF8D5CD}.Release|Any CPU.ActiveCfg = Release|Any CPU
		{87693832-878F-40CB-B3DA-EB4BCEF8D5CD}.Release|Any CPU.Build.0 = Release|Any CPU
	EndGlobalSection
	GlobalSection(SolutionProperties) = preSolution
		HideSolutionNode = FALSE
	EndGlobalSection
	GlobalSection(ExtensibilityGlobals) = postSolution
		SolutionGuid = {F866A99D-D46A-48D7-897C-94108EE411A8}
	EndGlobalSection
EndGlobal
